
Microsoft Visual Studio Solution File, Format Version 12.00
# Visual Studio Version 16
VisualStudioVersion = 16.0.29728.190
MinimumVisualStudioVersion = 10.0.40219.1
Project("{FAE04EC0-301F-11D3-BF4B-00C04F79EFBC}") = "Retangle", "Retangle\Retangle.csproj", "{1A3B58F6-055D-4E8F-ACC4-7E76EA7A7E70}"
EndProject
Global
	GlobalSection(SolutionConfigurationPlatforms) = preSolution
		Debug|Any CPU = Debug|Any CPU
		Release|Any CPU = Release|Any CPU
	EndGlobalSection
	GlobalSection(ProjectConfigurationPlatforms) = postSolution
		{1A3B58F6-055D-4E8F-ACC4-7E76EA7A7E70}.Debug|Any CPU.ActiveCfg = Debug|Any CPU
		{1A3B58F6-055D-4E8F-ACC4-7E76EA7A7E70}.Debug|Any CPU.Build.0 = Debug|Any CPU
		{1A3B58F6-055D-4E8F-ACC4-7E76EA7A7E70}.Release|Any CPU.ActiveCfg = Release|Any CPU
		{1A3B58F6-055D-4E8F-ACC4-7E76EA7A7E70}.Release|Any CPU.Build.0 = Release|Any CPU
	EndGlobalSection
	GlobalSection(SolutionProperties) = preSolution
		HideSolutionNode = FALSE
	EndGlobalSection
	GlobalSection(ExtensibilityGlobals) = postSolution
		SolutionGuid = {4CB62355-3AF2-40EB-B78E-5FBC2A0CBDD3}
	EndGlobalSection
EndGlobal
